
Microsoft Visual Studio Solution File, Format Version 12.00
# Visual Studio Version 17
VisualStudioVersion = 17.2.32519.379
MinimumVisualStudioVersion = 10.0.40219.1
Project("{9A19103F-16F7-4668-BE54-9A1E7A4F7556}") = "WpfApp1", "WpfApp1.csproj", "{6A68C070-B722-4AF1-9604-B4912EE9489E}"
EndProject
Global
	GlobalSection(SolutionConfigurationPlatforms) = preSolution
		Debug|Any CPU = Debug|Any CPU
		Debug|x64 = Debug|x64
		Release|Any CPU = Release|Any CPU
		Release|x64 = Release|x64
	EndGlobalSection
	GlobalSection(ProjectConfigurationPlatforms) = postSolution
		{6A68C070-B722-4AF1-9604-B4912EE9489E}.Debug|Any CPU.ActiveCfg = Debug|Any CPU
		{6A68C070-B722-4AF1-9604-B4912EE9489E}.Debug|Any CPU.Build.0 = Debug|Any CPU
		{6A68C070-B722-4AF1-9604-B4912EE9489E}.Debug|x64.ActiveCfg = Debug|x64
		{6A68C070-B722-4AF1-9604-B4912EE9489E}.Debug|x64.Build.0 = Debug|x64
		{6A68C070-B722-4AF1-9604-B4912EE9489E}.Release|Any CPU.ActiveCfg = Release|Any CPU
		{6A68C070-B722-4AF1-9604-B4912EE9489E}.Release|Any CPU.Build.0 = Release|Any CPU
		{6A68C070-B722-4AF1-9604-B4912EE9489E}.Release|x64.ActiveCfg = Release|x64
		{6A68C070-B722-4AF1-9604-B4912EE9489E}.Release|x64.Build.0 = Release|x64
	EndGlobalSection
	GlobalSection(SolutionProperties) = preSolution
		HideSolutionNode = FALSE
	EndGlobalSection
	GlobalSection(ExtensibilityGlobals) = postSolution
		SolutionGuid = {4C7618D0-E98B-4563-BC2D-3D1256018AAD}
	EndGlobalSection
EndGlobal
